
Microsoft Visual Studio Solution File, Format Version 12.00
# Visual Studio Version 17
VisualStudioVersion = 17.14.36915.13 d17.14
MinimumVisualStudioVersion = 10.0.40219.1
Project("{FAE04EC0-301F-11D3-BF4B-00C04F79EFBC}") = "G-NET-12-OOP03", "G-NET-12-OOP03\G-NET-12-OOP03.csproj", "{63818884-F28F-494D-B8BD-3AC7202F6ECB}"
EndProject
Global
	GlobalSection(SolutionConfigurationPlatforms) = preSolution
		Debug|Any CPU = Debug|Any CPU
		Release|Any CPU = Release|Any CPU
	EndGlobalSection
	GlobalSection(ProjectConfigurationPlatforms) = postSolution
		{63818884-F28F-494D-B8BD-3AC7202F6ECB}.Debug|Any CPU.ActiveCfg = Debug|Any CPU
		{63818884-F28F-494D-B8BD-3AC7202F6ECB}.Debug|Any CPU.Build.0 = Debug|Any CPU
		{63818884-F28F-494D-B8BD-3AC7202F6ECB}.Release|Any CPU.ActiveCfg = Release|Any CPU
		{63818884-F28F-494D-B8BD-3AC7202F6ECB}.Release|Any CPU.Build.0 = Release|Any CPU
	EndGlobalSection
	GlobalSection(SolutionProperties) = preSolution
		HideSolutionNode = FALSE
	EndGlobalSection
	GlobalSection(ExtensibilityGlobals) = postSolution
		SolutionGuid = {81254CF8-7A3F-4FAA-BA2A-64443D8E06B6}
	EndGlobalSection
EndGlobal
